// !$*UTF8*$!
{archiveVersion = 1; classes = {}; objectVersion = 56; objects = {
654C0FB085AA7C3F14E4DEA1 = {isa = PBXFileReference; lastKnownFileType = sourcecode.swift; path = "ConsoleWebView.swift"; sourceTree = "<group>";};
2BEAB8D37C8A9AB0A2643895 = {isa = PBXBuildFile; fileRef = 654C0FB085AA7C3F14E4DEA1;};
0D5057D3B034217D0E041F84 = {isa = PBXFileReference; lastKnownFileType = sourcecode.swift; path = "CredentialVault.swift"; sourceTree = "<group>";};
C46664DD86F2D4F52D5FEA0A = {isa = PBXBuildFile; fileRef = 0D5057D3B034217D0E041F84;};
31605EFFA07E122A5E946DCB = {isa = PBXFileReference; lastKnownFileType = sourcecode.swift; path = "OrbitApp.swift"; sourceTree = "<group>";};
30458A2A0308FE09C606EE8C = {isa = PBXBuildFile; fileRef = 31605EFFA07E122A5E946DCB;};
54986B91A901A8A7A598B726 = {isa = PBXFileReference; lastKnownFileType = sourcecode.swift; path = "OrbitModel.swift"; sourceTree = "<group>";};
2EFC18373FBD15799A3AE390 = {isa = PBXBuildFile; fileRef = 54986B91A901A8A7A598B726;};
DE4FD90E09A5760BED564973 = {isa = PBXFileReference; lastKnownFileType = sourcecode.swift; path = "RouterEndpoint.swift"; sourceTree = "<group>";};
EF551357B47151A157A3F095 = {isa = PBXBuildFile; fileRef = DE4FD90E09A5760BED564973;};
D30EC07B4E2846F229B32889 = {isa = PBXFileReference; lastKnownFileType = sourcecode.swift; path = "RouterTransport.swift"; sourceTree = "<group>";};
2ACC348E75A0A6409136CE55 = {isa = PBXBuildFile; fileRef = D30EC07B4E2846F229B32889;};
8BF729FFE074CAEE622C0292 = {isa = PBXFileReference; lastKnownFileType = folder.assetcatalog; path = Assets.xcassets; sourceTree = "<group>";};
5522B3B3B2EACC1C8F9BEAAC = {isa = PBXBuildFile; fileRef = 8BF729FFE074CAEE622C0292;};
A4CC6BC01A927E2A78FD3BEC = {isa = PBXFileReference; lastKnownFileType = text.xml; path = PrivacyInfo.xcprivacy; sourceTree = "<group>";};
CE592D926B548708CFD0C61E = {isa = PBXBuildFile; fileRef = A4CC6BC01A927E2A78FD3BEC;};
E202DBCE9DABFB109288A099 = {isa = PBXGroup; children = (654C0FB085AA7C3F14E4DEA1, 0D5057D3B034217D0E041F84, 31605EFFA07E122A5E946DCB, 54986B91A901A8A7A598B726, DE4FD90E09A5760BED564973, D30EC07B4E2846F229B32889, 8BF729FFE074CAEE622C0292, A4CC6BC01A927E2A78FD3BEC); path = Orbit; sourceTree = "<group>";};
181080F081328B78F86D9702 = {isa = PBXSourcesBuildPhase; buildActionMask = 2147483647; files = (2BEAB8D37C8A9AB0A2643895, C46664DD86F2D4F52D5FEA0A, 30458A2A0308FE09C606EE8C, 2EFC18373FBD15799A3AE390, EF551357B47151A157A3F095, 2ACC348E75A0A6409136CE55); runOnlyForDeploymentPostprocessing = 0;};
5D83D94E847DEF4F432AF5BE = {isa = PBXResourcesBuildPhase; buildActionMask = 2147483647; files = (5522B3B3B2EACC1C8F9BEAAC, CE592D926B548708CFD0C61E); runOnlyForDeploymentPostprocessing = 0;};
5E9E211E89EB94D1CB6262DE = {isa = PBXFrameworksBuildPhase; buildActionMask = 2147483647; files = (); runOnlyForDeploymentPostprocessing = 0;};
10C28BEED03066D6009D94FA = {isa = PBXFileReference; explicitFileType = wrapper.application; includeInIndex = 0; path = Orbit.app; sourceTree = BUILT_PRODUCTS_DIR;};
04DBFE8E9EF3BD2EA8FFF973 = {isa = XCBuildConfiguration; name = Debug; buildSettings = {PRODUCT_NAME = "$(TARGET_NAME)"; PRODUCT_BUNDLE_IDENTIFIER = com.digitaldropkick.orbit; SWIFT_VERSION = 5.0; IPHONEOS_DEPLOYMENT_TARGET = 18.0; TARGETED_DEVICE_FAMILY = 1; CODE_SIGN_STYLE = Automatic; CURRENT_PROJECT_VERSION = 1; SDKROOT = iphoneos; SUPPORTED_PLATFORMS = "iphoneos iphonesimulator"; INFOPLIST_FILE = Orbit/Info.plist; ASSETCATALOG_COMPILER_APPICON_NAME = AppIcon; ENABLE_PREVIEWS = YES; DEBUG_INFORMATION_FORMAT = dwarf; SWIFT_OPTIMIZATION_LEVEL = "-Onone"; ENABLE_TESTABILITY = YES;};};
816FDFEB8FFD35CE41D4CC7A = {isa = XCBuildConfiguration; name = Release; buildSettings = {PRODUCT_NAME = "$(TARGET_NAME)"; PRODUCT_BUNDLE_IDENTIFIER = com.digitaldropkick.orbit; SWIFT_VERSION = 5.0; IPHONEOS_DEPLOYMENT_TARGET = 18.0; TARGETED_DEVICE_FAMILY = 1; CODE_SIGN_STYLE = Automatic; CURRENT_PROJECT_VERSION = 1; SDKROOT = iphoneos; SUPPORTED_PLATFORMS = "iphoneos iphonesimulator"; INFOPLIST_FILE = Orbit/Info.plist; ASSETCATALOG_COMPILER_APPICON_NAME = AppIcon; ENABLE_PREVIEWS = YES; SWIFT_OPTIMIZATION_LEVEL = "-O";};};
D089E5BB42A14F4F50391640 = {isa = XCConfigurationList; buildConfigurations = (04DBFE8E9EF3BD2EA8FFF973, 816FDFEB8FFD35CE41D4CC7A); defaultConfigurationIsVisible = 0; defaultConfigurationName = Release;};
C394F292405373A2DD7719A4 = {isa = PBXNativeTarget; buildConfigurationList = D089E5BB42A14F4F50391640; buildPhases = (181080F081328B78F86D9702, 5E9E211E89EB94D1CB6262DE, 5D83D94E847DEF4F432AF5BE); buildRules = (); dependencies = (); name = Orbit; productName = Orbit; productReference = 10C28BEED03066D6009D94FA; productType = "com.apple.product-type.application";};
A8D5A978608CDF5B9BE747DF = {isa = PBXFileReference; lastKnownFileType = sourcecode.swift; path = "RouterEndpointTests.swift"; sourceTree = "<group>";};
6DF8C5B3AB4781A964AA36B1 = {isa = PBXBuildFile; fileRef = A8D5A978608CDF5B9BE747DF;};
1C9EA904994201E40FB592A5 = {isa = PBXFileReference; lastKnownFileType = sourcecode.swift; path = "RouterIntegrationTests.swift"; sourceTree = "<group>";};
437D81C7E900AAD37B3A4FAA = {isa = PBXBuildFile; fileRef = 1C9EA904994201E40FB592A5;};
A054626505388CFC4202B60F = {isa = PBXGroup; children = (A8D5A978608CDF5B9BE747DF, 1C9EA904994201E40FB592A5); path = OrbitTests; sourceTree = "<group>";};
7FE3F10F6A3D657AC5DA5C4B = {isa = PBXSourcesBuildPhase; buildActionMask = 2147483647; files = (6DF8C5B3AB4781A964AA36B1, 437D81C7E900AAD37B3A4FAA); runOnlyForDeploymentPostprocessing = 0;};
1CABF33A41D2A694361C67D3 = {isa = PBXResourcesBuildPhase; buildActionMask = 2147483647; files = (); runOnlyForDeploymentPostprocessing = 0;};
C2EE6455F666243727096A99 = {isa = PBXFrameworksBuildPhase; buildActionMask = 2147483647; files = (); runOnlyForDeploymentPostprocessing = 0;};
88FE448C1DFB0910AA715158 = {isa = PBXFileReference; explicitFileType = wrapper.cfbundle; includeInIndex = 0; path = OrbitTests.xctest; sourceTree = BUILT_PRODUCTS_DIR;};
CC8C9FD3CB4437F1AA962ADA = {isa = PBXContainerItemProxy; containerPortal = 244210E48437B6556980A702; proxyType = 1; remoteGlobalIDString = C394F292405373A2DD7719A4; remoteInfo = Orbit;};
BCF62BA53C280BC6B79B5248 = {isa = PBXTargetDependency; target = C394F292405373A2DD7719A4; targetProxy = CC8C9FD3CB4437F1AA962ADA;};
2B8C365EC40BB8501C3CADBC = {isa = XCBuildConfiguration; name = Debug; buildSettings = {PRODUCT_NAME = "$(TARGET_NAME)"; PRODUCT_BUNDLE_IDENTIFIER = com.digitaldropkick.orbittests; SWIFT_VERSION = 5.0; IPHONEOS_DEPLOYMENT_TARGET = 18.0; TARGETED_DEVICE_FAMILY = 1; CODE_SIGN_STYLE = Automatic; CURRENT_PROJECT_VERSION = 1; SDKROOT = iphoneos; SUPPORTED_PLATFORMS = "iphoneos iphonesimulator"; GENERATE_INFOPLIST_FILE = YES; TEST_HOST = "$(BUILT_PRODUCTS_DIR)/Orbit.app/$(BUNDLE_EXECUTABLE_FOLDER_PATH)/Orbit"; BUNDLE_LOADER = "$(TEST_HOST)"; DEBUG_INFORMATION_FORMAT = dwarf; SWIFT_OPTIMIZATION_LEVEL = "-Onone"; ENABLE_TESTABILITY = YES;};};
DBC4F2BC5F9FD2C98BFB5787 = {isa = XCBuildConfiguration; name = Release; buildSettings = {PRODUCT_NAME = "$(TARGET_NAME)"; PRODUCT_BUNDLE_IDENTIFIER = com.digitaldropkick.orbittests; SWIFT_VERSION = 5.0; IPHONEOS_DEPLOYMENT_TARGET = 18.0; TARGETED_DEVICE_FAMILY = 1; CODE_SIGN_STYLE = Automatic; CURRENT_PROJECT_VERSION = 1; SDKROOT = iphoneos; SUPPORTED_PLATFORMS = "iphoneos iphonesimulator"; GENERATE_INFOPLIST_FILE = YES; TEST_HOST = "$(BUILT_PRODUCTS_DIR)/Orbit.app/$(BUNDLE_EXECUTABLE_FOLDER_PATH)/Orbit"; BUNDLE_LOADER = "$(TEST_HOST)"; SWIFT_OPTIMIZATION_LEVEL = "-O";};};
3804D44D77D679AFF564A7FA = {isa = XCConfigurationList; buildConfigurations = (2B8C365EC40BB8501C3CADBC, DBC4F2BC5F9FD2C98BFB5787); defaultConfigurationIsVisible = 0; defaultConfigurationName = Release;};
F8FB333B488BBD2106826452 = {isa = PBXNativeTarget; buildConfigurationList = 3804D44D77D679AFF564A7FA; buildPhases = (7FE3F10F6A3D657AC5DA5C4B, C2EE6455F666243727096A99, 1CABF33A41D2A694361C67D3); buildRules = (); dependencies = (BCF62BA53C280BC6B79B5248); name = OrbitTests; productName = OrbitTests; productReference = 88FE448C1DFB0910AA715158; productType = "com.apple.product-type.bundle.unit-test";};
9771BA6789211915289BC206 = {isa = PBXFileReference; lastKnownFileType = sourcecode.swift; path = "OrbitUITests.swift"; sourceTree = "<group>";};
7BAF5E85165EA535CF2F4A98 = {isa = PBXBuildFile; fileRef = 9771BA6789211915289BC206;};
13AB0E5ED31CD2493ADB2E36 = {isa = PBXGroup; children = (9771BA6789211915289BC206); path = OrbitUITests; sourceTree = "<group>";};
325959EF99AAC0FB40BEB748 = {isa = PBXSourcesBuildPhase; buildActionMask = 2147483647; files = (7BAF5E85165EA535CF2F4A98); runOnlyForDeploymentPostprocessing = 0;};
A5131001544248A7B571D042 = {isa = PBXResourcesBuildPhase; buildActionMask = 2147483647; files = (); runOnlyForDeploymentPostprocessing = 0;};
355481E6C74626DC44D863D3 = {isa = PBXFrameworksBuildPhase; buildActionMask = 2147483647; files = (); runOnlyForDeploymentPostprocessing = 0;};
382B07A907131428DE0B9D64 = {isa = PBXFileReference; explicitFileType = wrapper.cfbundle; includeInIndex = 0; path = OrbitUITests.xctest; sourceTree = BUILT_PRODUCTS_DIR;};
52661DE7529DF95030A1AF32 = {isa = PBXContainerItemProxy; containerPortal = 244210E48437B6556980A702; proxyType = 1; remoteGlobalIDString = C394F292405373A2DD7719A4; remoteInfo = Orbit;};
8598F9A307714AC8FA2D30D1 = {isa = PBXTargetDependency; target = C394F292405373A2DD7719A4; targetProxy = 52661DE7529DF95030A1AF32;};
1C567BFB7EBBC89DB653C08E = {isa = XCBuildConfiguration; name = Debug; buildSettings = {PRODUCT_NAME = "$(TARGET_NAME)"; PRODUCT_BUNDLE_IDENTIFIER = com.digitaldropkick.orbituitests; SWIFT_VERSION = 5.0; IPHONEOS_DEPLOYMENT_TARGET = 18.0; TARGETED_DEVICE_FAMILY = 1; CODE_SIGN_STYLE = Automatic; CURRENT_PROJECT_VERSION = 1; SDKROOT = iphoneos; SUPPORTED_PLATFORMS = "iphoneos iphonesimulator"; GENERATE_INFOPLIST_FILE = YES; TEST_TARGET_NAME = Orbit; DEBUG_INFORMATION_FORMAT = dwarf; SWIFT_OPTIMIZATION_LEVEL = "-Onone"; ENABLE_TESTABILITY = YES;};};
F6991130A1A894625282B4AF = {isa = XCBuildConfiguration; name = Release; buildSettings = {PRODUCT_NAME = "$(TARGET_NAME)"; PRODUCT_BUNDLE_IDENTIFIER = com.digitaldropkick.orbituitests; SWIFT_VERSION = 5.0; IPHONEOS_DEPLOYMENT_TARGET = 18.0; TARGETED_DEVICE_FAMILY = 1; CODE_SIGN_STYLE = Automatic; CURRENT_PROJECT_VERSION = 1; SDKROOT = iphoneos; SUPPORTED_PLATFORMS = "iphoneos iphonesimulator"; GENERATE_INFOPLIST_FILE = YES; TEST_TARGET_NAME = Orbit; SWIFT_OPTIMIZATION_LEVEL = "-O";};};
D5E00A3FEB7CB67EC762DDDC = {isa = XCConfigurationList; buildConfigurations = (1C567BFB7EBBC89DB653C08E, F6991130A1A894625282B4AF); defaultConfigurationIsVisible = 0; defaultConfigurationName = Release;};
FF1BCCA4FE61924E6D33FAD2 = {isa = PBXNativeTarget; buildConfigurationList = D5E00A3FEB7CB67EC762DDDC; buildPhases = (325959EF99AAC0FB40BEB748, 355481E6C74626DC44D863D3, A5131001544248A7B571D042); buildRules = (); dependencies = (8598F9A307714AC8FA2D30D1); name = OrbitUITests; productName = OrbitUITests; productReference = 382B07A907131428DE0B9D64; productType = "com.apple.product-type.bundle.ui-testing";};
0A3E27B8CA818264D75C8D81 = {isa = PBXGroup; children = (10C28BEED03066D6009D94FA, 88FE448C1DFB0910AA715158, 382B07A907131428DE0B9D64); name = Products; sourceTree = "<group>";};
0D6E4079E36703EBD37C0072 = {isa = PBXGroup; children = (E202DBCE9DABFB109288A099, A054626505388CFC4202B60F, 13AB0E5ED31CD2493ADB2E36, 0A3E27B8CA818264D75C8D81); sourceTree = "<group>";};
2C6AA1E179A51B0CA1311865 = {isa = XCBuildConfiguration; name = Debug; buildSettings = {CLANG_ENABLE_MODULES = YES; CLANG_ENABLE_OBJC_ARC = YES; SWIFT_VERSION = 5.0; DEBUG_INFORMATION_FORMAT = dwarf; SWIFT_OPTIMIZATION_LEVEL = "-Onone"; ENABLE_TESTABILITY = YES;};};
9A413244CE2CA5DF6B186010 = {isa = XCBuildConfiguration; name = Release; buildSettings = {CLANG_ENABLE_MODULES = YES; CLANG_ENABLE_OBJC_ARC = YES; SWIFT_VERSION = 5.0; SWIFT_OPTIMIZATION_LEVEL = "-O";};};
B367623E235F24E9612FAD26 = {isa = XCConfigurationList; buildConfigurations = (2C6AA1E179A51B0CA1311865, 9A413244CE2CA5DF6B186010); defaultConfigurationIsVisible = 0; defaultConfigurationName = Release;};
244210E48437B6556980A702 = {isa = PBXProject; attributes = {BuildIndependentTargetsInParallel = YES; LastUpgradeCheck = 2600;}; buildConfigurationList = B367623E235F24E9612FAD26; compatibilityVersion = "Xcode 14.0"; developmentRegion = en; hasScannedForEncodings = 0; knownRegions = (en, Base); mainGroup = 0D6E4079E36703EBD37C0072; productRefGroup = 0A3E27B8CA818264D75C8D81; projectDirPath = ""; projectRoot = ""; targets = (C394F292405373A2DD7719A4, F8FB333B488BBD2106826452, FF1BCCA4FE61924E6D33FAD2);};
}; rootObject = 244210E48437B6556980A702;}
